// !$*UTF8*$!
{
	archiveVersion = 1;
	classes = {
	};
	objectVersion = 55;
	objects = {

/* Begin PBXBuildFile section */
		7C7CBEC26395DAE323EA6E64 /* Pods_LoanSummary.framework in Frameworks */ = {isa = PBXBuildFile; fileRef = 87F24AF8E13E524A20F54819 /* Pods_LoanSummary.framework */; };
		86C2628628B5D497004E7A3C /* AppDelegate.swift in Sources */ = {isa = PBXBuildFile; fileRef = 86C2628528B5D497004E7A3C /* AppDelegate.swift */; };
		86C2628828B5D497004E7A3C /* SceneDelegate.swift in Sources */ = {isa = PBXBuildFile; fileRef = 86C2628728B5D497004E7A3C /* SceneDelegate.swift */; };
		86C2628A28B5D497004E7A3C /* ViewController.swift in Sources */ = {isa = PBXBuildFile; fileRef = 86C2628928B5D497004E7A3C /* ViewController.swift */; };
		86C2628D28B5D497004E7A3C /* Main.storyboard in Resources */ = {isa = PBXBuildFile; fileRef = 86C2628B28B5D497004E7A3C /* Main.storyboard */; };
		86C2628F28B5D499004E7A3C /* Assets.xcassets in Resources */ = {isa = PBXBuildFile; fileRef = 86C2628E28B5D499004E7A3C /* Assets.xcassets */; };
		86C2629228B5D499004E7A3C /* LaunchScreen.storyboard in Resources */ = {isa = PBXBuildFile; fileRef = 86C2629028B5D499004E7A3C /* LaunchScreen.storyboard */; };
		86C2629C28B5D8DF004E7A3C /* APIHandler.swift in Sources */ = {isa = PBXBuildFile; fileRef = 86C2629B28B5D8DF004E7A3C /* APIHandler.swift */; };
		86C2629E28B5D99F004E7A3C /* APITarget.swift in Sources */ = {isa = PBXBuildFile; fileRef = 86C2629D28B5D99F004E7A3C /* APITarget.swift */; };
		86C262A128B5E5C9004E7A3C /* LoanSummaryContentView.swift in Sources */ = {isa = PBXBuildFile; fileRef = 86C262A028B5E5C9004E7A3C /* LoanSummaryContentView.swift */; };
		86C262A928B5EBE1004E7A3C /* LoanSummaryDataSource.swift in Sources */ = {isa = PBXBuildFile; fileRef = 86C262A828B5EBE1004E7A3C /* LoanSummaryDataSource.swift */; };
		86C262AB28B60056004E7A3C /* LoanSummaryDataModel.swift in Sources */ = {isa = PBXBuildFile; fileRef = 86C262AA28B60056004E7A3C /* LoanSummaryDataModel.swift */; };
		86C262B028B60955004E7A3C /* PriceView.swift in Sources */ = {isa = PBXBuildFile; fileRef = 86C262AF28B60955004E7A3C /* PriceView.swift */; };
		86C262B228B60A0C004E7A3C /* LoanTopView.swift in Sources */ = {isa = PBXBuildFile; fileRef = 86C262B128B60A0C004E7A3C /* LoanTopView.swift */; };
		86C262B428B618FF004E7A3C /* ProductInfo.swift in Sources */ = {isa = PBXBuildFile; fileRef = 86C262B328B618FF004E7A3C /* ProductInfo.swift */; };
		86C262B828B61EB3004E7A3C /* TerminationFeeView.swift in Sources */ = {isa = PBXBuildFile; fileRef = 86C262B728B61EB3004E7A3C /* TerminationFeeView.swift */; };
		86C262BA28B62176004E7A3C /* MoreDetailView.swift in Sources */ = {isa = PBXBuildFile; fileRef = 86C262B928B62176004E7A3C /* MoreDetailView.swift */; };
		86C262BC28B625ED004E7A3C /* AgreementView.swift in Sources */ = {isa = PBXBuildFile; fileRef = 86C262BB28B625ED004E7A3C /* AgreementView.swift */; };
		86C262C028B62B94004E7A3C /* ContractDetailView.swift in Sources */ = {isa = PBXBuildFile; fileRef = 86C262BF28B62B94004E7A3C /* ContractDetailView.swift */; };
		86C262C528B62CD8004E7A3C /* UIViewExtension.swift in Sources */ = {isa = PBXBuildFile; fileRef = 86C262C428B62CD8004E7A3C /* UIViewExtension.swift */; };
/* End PBXBuildFile section */

/* Begin PBXFileReference section */
		86C2628228B5D497004E7A3C /* LoanSummary.app */ = {isa = PBXFileReference; explicitFileType = wrapper.application; includeInIndex = 0; path = LoanSummary.app; sourceTree = BUILT_PRODUCTS_DIR; };
		86C2628528B5D497004E7A3C /* AppDelegate.swift */ = {isa = PBXFileReference; lastKnownFileType = sourcecode.swift; path = AppDelegate.swift; sourceTree = "<group>"; };
		86C2628728B5D497004E7A3C /* SceneDelegate.swift */ = {isa = PBXFileReference; lastKnownFileType = sourcecode.swift; path = SceneDelegate.swift; sourceTree = "<group>"; };
		86C2628928B5D497004E7A3C /* ViewController.swift */ = {isa = PBXFileReference; lastKnownFileType = sourcecode.swift; path = ViewController.swift; sourceTree = "<group>"; };
		86C2628C28B5D497004E7A3C /* Base */ = {isa = PBXFileReference; lastKnownFileType = file.storyboard; name = Base; path = Base.lproj/Main.storyboard; sourceTree = "<group>"; };
		86C2628E28B5D499004E7A3C /* Assets.xcassets */ = {isa = PBXFileReference; lastKnownFileType = folder.assetcatalog; path = Assets.xcassets; sourceTree = "<group>"; };
		86C2629128B5D499004E7A3C /* Base */ = {isa = PBXFileReference; lastKnownFileType = file.storyboard; name = Base; path = Base.lproj/LaunchScreen.storyboard; sourceTree = "<group>"; };
		86C2629328B5D499004E7A3C /* Info.plist */ = {isa = PBXFileReference; lastKnownFileType = text.plist.xml; path = Info.plist; sourceTree = "<group>"; };
		86C2629B28B5D8DF004E7A3C /* APIHandler.swift */ = {isa = PBXFileReference; lastKnownFileType = sourcecode.swift; path = APIHandler.swift; sourceTree = "<group>"; };
		86C2629D28B5D99F004E7A3C /* APITarget.swift */ = {isa = PBXFileReference; lastKnownFileType = sourcecode.swift; path = APITarget.swift; sourceTree = "<group>"; };
		86C262A028B5E5C9004E7A3C /* LoanSummaryContentView.swift */ = {isa = PBXFileReference; lastKnownFileType = sourcecode.swift; path = LoanSummaryContentView.swift; sourceTree = "<group>"; };
		86C262A828B5EBE1004E7A3C /* LoanSummaryDataSource.swift */ = {isa = PBXFileReference; lastKnownFileType = sourcecode.swift; path = LoanSummaryDataSource.swift; sourceTree = "<group>"; };
		86C262AA28B60056004E7A3C /* LoanSummaryDataModel.swift */ = {isa = PBXFileReference; lastKnownFileType = sourcecode.swift; path = LoanSummaryDataModel.swift; sourceTree = "<group>"; };
		86C262AF28B60955004E7A3C /* PriceView.swift */ = {isa = PBXFileReference; lastKnownFileType = sourcecode.swift; path = PriceView.swift; sourceTree = "<group>"; };
		86C262B128B60A0C004E7A3C /* LoanTopView.swift */ = {isa = PBXFileReference; lastKnownFileType = sourcecode.swift; path = LoanTopView.swift; sourceTree = "<group>"; };
		86C262B328B618FF004E7A3C /* ProductInfo.swift */ = {isa = PBXFileReference; lastKnownFileType = sourcecode.swift; path = ProductInfo.swift; sourceTree = "<group>"; };
		86C262B728B61EB3004E7A3C /* TerminationFeeView.swift */ = {isa = PBXFileReference; lastKnownFileType = sourcecode.swift; path = TerminationFeeView.swift; sourceTree = "<group>"; };
		86C262B928B62176004E7A3C /* MoreDetailView.swift */ = {isa = PBXFileReference; lastKnownFileType = sourcecode.swift; path = MoreDetailView.swift; sourceTree = "<group>"; };
		86C262BB28B625ED004E7A3C /* AgreementView.swift */ = {isa = PBXFileReference; lastKnownFileType = sourcecode.swift; path = AgreementView.swift; sourceTree = "<group>"; };
		86C262BF28B62B94004E7A3C /* ContractDetailView.swift */ = {isa = PBXFileReference; lastKnownFileType = sourcecode.swift; path = ContractDetailView.swift; sourceTree = "<group>"; };
		86C262C428B62CD8004E7A3C /* UIViewExtension.swift */ = {isa = PBXFileReference; lastKnownFileType = sourcecode.swift; path = UIViewExtension.swift; sourceTree = "<group>"; };
		87F24AF8E13E524A20F54819 /* Pods_LoanSummary.framework */ = {isa = PBXFileReference; explicitFileType = wrapper.framework; includeInIndex = 0; path = Pods_LoanSummary.framework; sourceTree = BUILT_PRODUCTS_DIR; };
		98FDDE1C828D76FE92193F78 /* Pods-LoanSummary.debug.xcconfig */ = {isa = PBXFileReference; includeInIndex = 1; lastKnownFileType = text.xcconfig; name = "Pods-LoanSummary.debug.xcconfig"; path = "Target Support Files/Pods-LoanSummary/Pods-LoanSummary.debug.xcconfig"; sourceTree = "<group>"; };
		D1BD2E7FA028E9CBD944D746 /* Pods-LoanSummary.release.xcconfig */ = {isa = PBXFileReference; includeInIndex = 1; lastKnownFileType = text.xcconfig; name = "Pods-LoanSummary.release.xcconfig"; path = "Target Support Files/Pods-LoanSummary/Pods-LoanSummary.release.xcconfig"; sourceTree = "<group>"; };
/* End PBXFileReference section */

/* Begin PBXFrameworksBuildPhase section */
		86C2627F28B5D497004E7A3C /* Frameworks */ = {
			isa = PBXFrameworksBuildPhase;
			buildActionMask = 2147483647;
			files = (
				7C7CBEC26395DAE323EA6E64 /* Pods_LoanSummary.framework in Frameworks */,
			);
			runOnlyForDeploymentPostprocessing = 0;
		};
/* End PBXFrameworksBuildPhase section */

/* Begin PBXGroup section */
		25BA8AA584C9E8C1CF58C720 /* Pods */ = {
			isa = PBXGroup;
			children = (
				98FDDE1C828D76FE92193F78 /* Pods-LoanSummary.debug.xcconfig */,
				D1BD2E7FA028E9CBD944D746 /* Pods-LoanSummary.release.xcconfig */,
			);
			path = Pods;
			sourceTree = "<group>";
		};
		86C2627928B5D497004E7A3C = {
			isa = PBXGroup;
			children = (
				86C2628428B5D497004E7A3C /* LoanSummary */,
				86C2628328B5D497004E7A3C /* Products */,
				25BA8AA584C9E8C1CF58C720 /* Pods */,
				A9BCF3D41147D1E50C75F937 /* Frameworks */,
			);
			sourceTree = "<group>";
		};
		86C2628328B5D497004E7A3C /* Products */ = {
			isa = PBXGroup;
			children = (
				86C2628228B5D497004E7A3C /* LoanSummary.app */,
			);
			name = Products;
			sourceTree = "<group>";
		};
		86C2628428B5D497004E7A3C /* LoanSummary */ = {
			isa = PBXGroup;
			children = (
				86C262C328B62CC7004E7A3C /* Extention */,
				86C2629F28B5E5BC004E7A3C /* View */,
				86C2629A28B5D8C0004E7A3C /* APIHandler */,
				86C2628528B5D497004E7A3C /* AppDelegate.swift */,
				86C2628728B5D497004E7A3C /* SceneDelegate.swift */,
				86C2628928B5D497004E7A3C /* ViewController.swift */,
				86C2628B28B5D497004E7A3C /* Main.storyboard */,
				86C2628E28B5D499004E7A3C /* Assets.xcassets */,
				86C2629028B5D499004E7A3C /* LaunchScreen.storyboard */,
				86C2629328B5D499004E7A3C /* Info.plist */,
			);
			path = LoanSummary;
			sourceTree = "<group>";
		};
		86C2629A28B5D8C0004E7A3C /* APIHandler */ = {
			isa = PBXGroup;
			children = (
				86C2629B28B5D8DF004E7A3C /* APIHandler.swift */,
				86C2629D28B5D99F004E7A3C /* APITarget.swift */,
			);
			path = APIHandler;
			sourceTree = "<group>";
		};
		86C2629F28B5E5BC004E7A3C /* View */ = {
			isa = PBXGroup;
			children = (
				86C262A428B5E8F0004E7A3C /* SubView */,
				86C262A028B5E5C9004E7A3C /* LoanSummaryContentView.swift */,
				86C262A828B5EBE1004E7A3C /* LoanSummaryDataSource.swift */,
				86C262AA28B60056004E7A3C /* LoanSummaryDataModel.swift */,
			);
			path = View;
			sourceTree = "<group>";
		};
		86C262A428B5E8F0004E7A3C /* SubView */ = {
			isa = PBXGroup;
			children = (
				86C262AF28B60955004E7A3C /* PriceView.swift */,
				86C262B128B60A0C004E7A3C /* LoanTopView.swift */,
				86C262B328B618FF004E7A3C /* ProductInfo.swift */,
				86C262B728B61EB3004E7A3C /* TerminationFeeView.swift */,
				86C262B928B62176004E7A3C /* MoreDetailView.swift */,
				86C262BB28B625ED004E7A3C /* AgreementView.swift */,
				86C262BF28B62B94004E7A3C /* ContractDetailView.swift */,
			);
			path = SubView;
			sourceTree = "<group>";
		};
		86C262C328B62CC7004E7A3C /* Extention */ = {
			isa = PBXGroup;
			children = (
				86C262C428B62CD8004E7A3C /* UIViewExtension.swift */,
			);
			path = Extention;
			sourceTree = "<group>";
		};
		A9BCF3D41147D1E50C75F937 /* Frameworks */ = {
			isa = PBXGroup;
			children = (
				87F24AF8E13E524A20F54819 /* Pods_LoanSummary.framework */,
			);
			name = Frameworks;
			sourceTree = "<group>";
		};
/* End PBXGroup section */

/* Begin PBXNativeTarget section */
		86C2628128B5D497004E7A3C /* LoanSummary */ = {
			isa = PBXNativeTarget;
			buildConfigurationList = 86C2629628B5D499004E7A3C /* Build configuration list for PBXNativeTarget "LoanSummary" */;
			buildPhases = (
				F667DA4E78A1E01913176A8B /* [CP] Check Pods Manifest.lock */,
				86C2627E28B5D497004E7A3C /* Sources */,
				86C2627F28B5D497004E7A3C /* Frameworks */,
				86C2628028B5D497004E7A3C /* Resources */,
				8AC8AF13E43EC610D84CCD36 /* [CP] Embed Pods Frameworks */,
			);
			buildRules = (
			);
			dependencies = (
			);
			name = LoanSummary;
			productName = LoanSummary;
			productReference = 86C2628228B5D497004E7A3C /* LoanSummary.app */;
			productType = "com.apple.product-type.application";
		};
/* End PBXNativeTarget section */

/* Begin PBXProject section */
		86C2627A28B5D497004E7A3C /* Project object */ = {
			isa = PBXProject;
			attributes = {
				BuildIndependentTargetsInParallel = 1;
				LastSwiftUpdateCheck = 1340;
				LastUpgradeCheck = 1340;
				TargetAttributes = {
					86C2628128B5D497004E7A3C = {
						CreatedOnToolsVersion = 13.4.1;
					};
				};
			};
			buildConfigurationList = 86C2627D28B5D497004E7A3C /* Build configuration list for PBXProject "LoanSummary" */;
			compatibilityVersion = "Xcode 13.0";
			developmentRegion = en;
			hasScannedForEncodings = 0;
			knownRegions = (
				en,
				Base,
			);
			mainGroup = 86C2627928B5D497004E7A3C;
			productRefGroup = 86C2628328B5D497004E7A3C /* Products */;
			projectDirPath = "";
			projectRoot = "";
			targets = (
				86C2628128B5D497004E7A3C /* LoanSummary */,
			);
		};
/* End PBXProject section */

/* Begin PBXResourcesBuildPhase section */
		86C2628028B5D497004E7A3C /* Resources */ = {
			isa = PBXResourcesBuildPhase;
			buildActionMask = 2147483647;
			files = (
				86C2629228B5D499004E7A3C /* LaunchScreen.storyboard in Resources */,
				86C2628F28B5D499004E7A3C /* Assets.xcassets in Resources */,
				86C2628D28B5D497004E7A3C /* Main.storyboard in Resources */,
			);
			runOnlyForDeploymentPostprocessing = 0;
		};
/* End PBXResourcesBuildPhase section */

/* Begin PBXShellScriptBuildPhase section */
		8AC8AF13E43EC610D84CCD36 /* [CP] Embed Pods Frameworks */ = {
			isa = PBXShellScriptBuildPhase;
			buildActionMask = 2147483647;
			files = (
			);
			inputFileListPaths = (
				"${PODS_ROOT}/Target Support Files/Pods-LoanSummary/Pods-LoanSummary-frameworks-${CONFIGURATION}-input-files.xcfilelist",
			);
			name = "[CP] Embed Pods Frameworks";
			outputFileListPaths = (
				"${PODS_ROOT}/Target Support Files/Pods-LoanSummary/Pods-LoanSummary-frameworks-${CONFIGURATION}-output-files.xcfilelist",
			);
			runOnlyForDeploymentPostprocessing = 0;
			shellPath = /bin/sh;
			shellScript = "\"${PODS_ROOT}/Target Support Files/Pods-LoanSummary/Pods-LoanSummary-frameworks.sh\"\n";
			showEnvVarsInLog = 0;
		};
		F667DA4E78A1E01913176A8B /* [CP] Check Pods Manifest.lock */ = {
			isa = PBXShellScriptBuildPhase;
			buildActionMask = 2147483647;
			files = (
			);
			inputFileListPaths = (
			);
			inputPaths = (
				"${PODS_PODFILE_DIR_PATH}/Podfile.lock",
				"${PODS_ROOT}/Manifest.lock",
			);
			name = "[CP] Check Pods Manifest.lock";
			outputFileListPaths = (
			);
			outputPaths = (
				"$(DERIVED_FILE_DIR)/Pods-LoanSummary-checkManifestLockResult.txt",
			);
			runOnlyForDeploymentPostprocessing = 0;
			shellPath = /bin/sh;
			shellScript = "diff \"${PODS_PODFILE_DIR_PATH}/Podfile.lock\" \"${PODS_ROOT}/Manifest.lock\" > /dev/null\nif [ $? != 0 ] ; then\n    # print error to STDERR\n    echo \"error: The sandbox is not in sync with the Podfile.lock. Run 'pod install' or update your CocoaPods installation.\" >&2\n    exit 1\nfi\n# This output is used by Xcode 'outputs' to avoid re-running this script phase.\necho \"SUCCESS\" > \"${SCRIPT_OUTPUT_FILE_0}\"\n";
			showEnvVarsInLog = 0;
		};
/* End PBXShellScriptBuildPhase section */

/* Begin PBXSourcesBuildPhase section */
		86C2627E28B5D497004E7A3C /* Sources */ = {
			isa = PBXSourcesBuildPhase;
			buildActionMask = 2147483647;
			files = (
				86C262BA28B62176004E7A3C /* MoreDetailView.swift in Sources */,
				86C2628A28B5D497004E7A3C /* ViewController.swift in Sources */,
				86C262A128B5E5C9004E7A3C /* LoanSummaryContentView.swift in Sources */,
				86C2628628B5D497004E7A3C /* AppDelegate.swift in Sources */,
				86C2628828B5D497004E7A3C /* SceneDelegate.swift in Sources */,
				86C2629E28B5D99F004E7A3C /* APITarget.swift in Sources */,
				86C262C528B62CD8004E7A3C /* UIViewExtension.swift in Sources */,
				86C262B028B60955004E7A3C /* PriceView.swift in Sources */,
				86C262BC28B625ED004E7A3C /* AgreementView.swift in Sources */,
				86C262B228B60A0C004E7A3C /* LoanTopView.swift in Sources */,
				86C262A928B5EBE1004E7A3C /* LoanSummaryDataSource.swift in Sources */,
				86C262AB28B60056004E7A3C /* LoanSummaryDataModel.swift in Sources */,
				86C2629C28B5D8DF004E7A3C /* APIHandler.swift in Sources */,
				86C262B428B618FF004E7A3C /* ProductInfo.swift in Sources */,
				86C262B828B61EB3004E7A3C /* TerminationFeeView.swift in Sources */,
				86C262C028B62B94004E7A3C /* ContractDetailView.swift in Sources */,
			);
			runOnlyForDeploymentPostprocessing = 0;
		};
/* End PBXSourcesBuildPhase section */

/* Begin PBXVariantGroup section */
		86C2628B28B5D497004E7A3C /* Main.storyboard */ = {
			isa = PBXVariantGroup;
			children = (
				86C2628C28B5D497004E7A3C /* Base */,
			);
			name = Main.storyboard;
			sourceTree = "<group>";
		};
		86C2629028B5D499004E7A3C /* LaunchScreen.storyboard */ = {
			isa = PBXVariantGroup;
			children = (
				86C2629128B5D499004E7A3C /* Base */,
			);
			name = LaunchScreen.storyboard;
			sourceTree = "<group>";
		};
/* End PBXVariantGroup section */

/* Begin XCBuildConfiguration section */
		86C2629428B5D499004E7A3C /* Debug */ = {
			isa = XCBuildConfiguration;
			buildSettings = {
				ALWAYS_SEARCH_USER_PATHS = NO;
				CLANG_ANALYZER_NONNULL = YES;
				CLANG_ANALYZER_NUMBER_OBJECT_CONVERSION = YES_AGGRESSIVE;
				CLANG_CXX_LANGUAGE_STANDARD = "gnu++17";
				CLANG_ENABLE_MODULES = YES;
				CLANG_ENABLE_OBJC_ARC = YES;
				CLANG_ENABLE_OBJC_WEAK = YES;
				CLANG_WARN_BLOCK_CAPTURE_AUTORELEASING = YES;
				CLANG_WARN_BOOL_CONVERSION = YES;
				CLANG_WARN_COMMA = YES;
				CLANG_WARN_CONSTANT_CONVERSION = YES;
				CLANG_WARN_DEPRECATED_OBJC_IMPLEMENTATIONS = YES;
				CLANG_WARN_DIRECT_OBJC_ISA_USAGE = YES_ERROR;
				CLANG_WARN_DOCUMENTATION_COMMENTS = YES;
				CLANG_WARN_EMPTY_BODY = YES;
				CLANG_WARN_ENUM_CONVERSION = YES;
				CLANG_WARN_INFINITE_RECURSION = YES;
				CLANG_WARN_INT_CONVERSION = YES;
				CLANG_WARN_NON_LITERAL_NULL_CONVERSION = YES;
				CLANG_WARN_OBJC_IMPLICIT_RETAIN_SELF = YES;
				CLANG_WARN_OBJC_LITERAL_CONVERSION = YES;
				CLANG_WARN_OBJC_ROOT_CLASS = YES_ERROR;
				CLANG_WARN_QUOTED_INCLUDE_IN_FRAMEWORK_HEADER = YES;
				CLANG_WARN_RANGE_LOOP_ANALYSIS = YES;
				CLANG_WARN_STRICT_PROTOTYPES = YES;
				CLANG_WARN_SUSPICIOUS_MOVE = YES;
				CLANG_WARN_UNGUARDED_AVAILABILITY = YES_AGGRESSIVE;
				CLANG_WARN_UNREACHABLE_CODE = YES;
				CLANG_WARN__DUPLICATE_METHOD_MATCH = YES;
				COPY_PHASE_STRIP = NO;
				DEBUG_INFORMATION_FORMAT = dwarf;
				ENABLE_STRICT_OBJC_MSGSEND = YES;
				ENABLE_TESTABILITY = YES;
				GCC_C_LANGUAGE_STANDARD = gnu11;
				GCC_DYNAMIC_NO_PIC = NO;
				GCC_NO_COMMON_BLOCKS = YES;
				GCC_OPTIMIZATION_LEVEL = 0;
				GCC_PREPROCESSOR_DEFINITIONS = (
					"DEBUG=1",
					"$(inherited)",
				);
				GCC_WARN_64_TO_32_BIT_CONVERSION = YES;
				GCC_WARN_ABOUT_RETURN_TYPE = YES_ERROR;
				GCC_WARN_UNDECLARED_SELECTOR = YES;
				GCC_WARN_UNINITIALIZED_AUTOS = YES_AGGRESSIVE;
				GCC_WARN_UNUSED_FUNCTION = YES;
				GCC_WARN_UNUSED_VARIABLE = YES;
				IPHONEOS_DEPLOYMENT_TARGET = 15.5;
				MTL_ENABLE_DEBUG_INFO = INCLUDE_SOURCE;
				MTL_FAST_MATH = YES;
				ONLY_ACTIVE_ARCH = YES;
				SDKROOT = iphoneos;
				SWIFT_ACTIVE_COMPILATION_CONDITIONS = DEBUG;
				SWIFT_OPTIMIZATION_LEVEL = "-Onone";
			};
			name = Debug;
		};
		86C2629528B5D499004E7A3C /* Release */ = {
			isa = XCBuildConfiguration;
			buildSettings = {
				ALWAYS_SEARCH_USER_PATHS = NO;
				CLANG_ANALYZER_NONNULL = YES;
				CLANG_ANALYZER_NUMBER_OBJECT_CONVERSION = YES_AGGRESSIVE;
				CLANG_CXX_LANGUAGE_STANDARD = "gnu++17";
				CLANG_ENABLE_MODULES = YES;
				CLANG_ENABLE_OBJC_ARC = YES;
				CLANG_ENABLE_OBJC_WEAK = YES;
				CLANG_WARN_BLOCK_CAPTURE_AUTORELEASING = YES;
				CLANG_WARN_BOOL_CONVERSION = YES;
				CLANG_WARN_COMMA = YES;
				CLANG_WARN_CONSTANT_CONVERSION = YES;
				CLANG_WARN_DEPRECATED_OBJC_IMPLEMENTATIONS = YES;
				CLANG_WARN_DIRECT_OBJC_ISA_USAGE = YES_ERROR;
				CLANG_WARN_DOCUMENTATION_COMMENTS = YES;
				CLANG_WARN_EMPTY_BODY = YES;
				CLANG_WARN_ENUM_CONVERSION = YES;
				CLANG_WARN_INFINITE_RECURSION = YES;
				CLANG_WARN_INT_CONVERSION = YES;
				CLANG_WARN_NON_LITERAL_NULL_CONVERSION = YES;
				CLANG_WARN_OBJC_IMPLICIT_RETAIN_SELF = YES;
				CLANG_WARN_OBJC_LITERAL_CONVERSION = YES;
				CLANG_WARN_OBJC_ROOT_CLASS = YES_ERROR;
				CLANG_WARN_QUOTED_INCLUDE_IN_FRAMEWORK_HEADER = YES;
				CLANG_WARN_RANGE_LOOP_ANALYSIS = YES;
				CLANG_WARN_STRICT_PROTOTYPES = YES;
				CLANG_WARN_SUSPICIOUS_MOVE = YES;
				CLANG_WARN_UNGUARDED_AVAILABILITY = YES_AGGRESSIVE;
				CLANG_WARN_UNREACHABLE_CODE = YES;
				CLANG_WARN__DUPLICATE_METHOD_MATCH = YES;
				COPY_PHASE_STRIP = NO;
				DEBUG_INFORMATION_FORMAT = "dwarf-with-dsym";
				ENABLE_NS_ASSERTIONS = NO;
				ENABLE_STRICT_OBJC_MSGSEND = YES;
				GCC_C_LANGUAGE_STANDARD = gnu11;
				GCC_NO_COMMON_BLOCKS = YES;
				GCC_WARN_64_TO_32_BIT_CONVERSION = YES;
				GCC_WARN_ABOUT_RETURN_TYPE = YES_ERROR;
				GCC_WARN_UNDECLARED_SELECTOR = YES;
				GCC_WARN_UNINITIALIZED_AUTOS = YES_AGGRESSIVE;
				GCC_WARN_UNUSED_FUNCTION = YES;
				GCC_WARN_UNUSED_VARIABLE = YES;
				IPHONEOS_DEPLOYMENT_TARGET = 15.5;
				MTL_ENABLE_DEBUG_INFO = NO;
				MTL_FAST_MATH = YES;
				SDKROOT = iphoneos;
				SWIFT_COMPILATION_MODE = wholemodule;
				SWIFT_OPTIMIZATION_LEVEL = "-O";
				VALIDATE_PRODUCT = YES;
			};
			name = Release;
		};
		86C2629728B5D499004E7A3C /* Debug */ = {
			isa = XCBuildConfiguration;
			baseConfigurationReference = 98FDDE1C828D76FE92193F78 /* Pods-LoanSummary.debug.xcconfig */;
			buildSettings = {
				ASSETCATALOG_COMPILER_APPICON_NAME = AppIcon;
				ASSETCATALOG_COMPILER_GLOBAL_ACCENT_COLOR_NAME = AccentColor;
				CODE_SIGN_STYLE = Automatic;
				CURRENT_PROJECT_VERSION = 1;
				DEVELOPMENT_TEAM = JKVZH68BTJ;
				GENERATE_INFOPLIST_FILE = YES;
				INFOPLIST_FILE = LoanSummary/Info.plist;
				INFOPLIST_KEY_UIApplicationSupportsIndirectInputEvents = YES;
				INFOPLIST_KEY_UILaunchStoryboardName = LaunchScreen;
				INFOPLIST_KEY_UIMainStoryboardFile = Main;
				INFOPLIST_KEY_UISupportedInterfaceOrientations_iPad = "UIInterfaceOrientationPortrait UIInterfaceOrientationPortraitUpsideDown UIInterfaceOrientationLandscapeLeft UIInterfaceOrientationLandscapeRight";
				INFOPLIST_KEY_UISupportedInterfaceOrientations_iPhone = "UIInterfaceOrientationPortrait UIInterfaceOrientationLandscapeLeft UIInterfaceOrientationLandscapeRight";
				LD_RUNPATH_SEARCH_PATHS = (
					"$(inherited)",
					"@executable_path/Frameworks",
				);
				MARKETING_VERSION = 1.0;
				PRODUCT_BUNDLE_IDENTIFIER = Test.LoanSummary;
				PRODUCT_NAME = "$(TARGET_NAME)";
				SWIFT_EMIT_LOC_STRINGS = YES;
				SWIFT_VERSION = 5.0;
				TARGETED_DEVICE_FAMILY = "1,2";
			};
			name = Debug;
		};
		86C2629828B5D499004E7A3C /* Release */ = {
			isa = XCBuildConfiguration;
			baseConfigurationReference = D1BD2E7FA028E9CBD944D746 /* Pods-LoanSummary.release.xcconfig */;
			buildSettings = {
				ASSETCATALOG_COMPILER_APPICON_NAME = AppIcon;
				ASSETCATALOG_COMPILER_GLOBAL_ACCENT_COLOR_NAME = AccentColor;
				CODE_SIGN_STYLE = Automatic;
				CURRENT_PROJECT_VERSION = 1;
				DEVELOPMENT_TEAM = JKVZH68BTJ;
				GENERATE_INFOPLIST_FILE = YES;
				INFOPLIST_FILE = LoanSummary/Info.plist;
				INFOPLIST_KEY_UIApplicationSupportsIndirectInputEvents = YES;
				INFOPLIST_KEY_UILaunchStoryboardName = LaunchScreen;
				INFOPLIST_KEY_UIMainStoryboardFile = Main;
				INFOPLIST_KEY_UISupportedInterfaceOrientations_iPad = "UIInterfaceOrientationPortrait UIInterfaceOrientationPortraitUpsideDown UIInterfaceOrientationLandscapeLeft UIInterfaceOrientationLandscapeRight";
				INFOPLIST_KEY_UISupportedInterfaceOrientations_iPhone = "UIInterfaceOrientationPortrait UIInterfaceOrientationLandscapeLeft UIInterfaceOrientationLandscapeRight";
				LD_RUNPATH_SEARCH_PATHS = (
					"$(inherited)",
					"@executable_path/Frameworks",
				);
				MARKETING_VERSION = 1.0;
				PRODUCT_BUNDLE_IDENTIFIER = Test.LoanSummary;
				PRODUCT_NAME = "$(TARGET_NAME)";
				SWIFT_EMIT_LOC_STRINGS = YES;
				SWIFT_VERSION = 5.0;
				TARGETED_DEVICE_FAMILY = "1,2";
			};
			name = Release;
		};
/* End XCBuildConfiguration section */

/* Begin XCConfigurationList section */
		86C2627D28B5D497004E7A3C /* Build configuration list for PBXProject "LoanSummary" */ = {
			isa = XCConfigurationList;
			buildConfigurations = (
				86C2629428B5D499004E7A3C /* Debug */,
				86C2629528B5D499004E7A3C /* Release */,
			);
			defaultConfigurationIsVisible = 0;
			defaultConfigurationName = Release;
		};
		86C2629628B5D499004E7A3C /* Build configuration list for PBXNativeTarget "LoanSummary" */ = {
			isa = XCConfigurationList;
			buildConfigurations = (
				86C2629728B5D499004E7A3C /* Debug */,
				86C2629828B5D499004E7A3C /* Release */,
			);
			defaultConfigurationIsVisible = 0;
			defaultConfigurationName = Release;
		};
/* End XCConfigurationList section */
	};
	rootObject = 86C2627A28B5D497004E7A3C /* Project object */;
}
