// !$*UTF8*$!
{
	archiveVersion = 1;
	classes = {
	};
	objectVersion = 55;
	objects = {

/* Begin PBXBuildFile section */
		86CC953328B86623008D71A4 /* AppDelegate.swift in Sources */ = {isa = PBXBuildFile; fileRef = 86CC953228B86623008D71A4 /* AppDelegate.swift */; };
		86CC953528B86623008D71A4 /* SceneDelegate.swift in Sources */ = {isa = PBXBuildFile; fileRef = 86CC953428B86623008D71A4 /* SceneDelegate.swift */; };
		86CC953728B86623008D71A4 /* ViewController.swift in Sources */ = {isa = PBXBuildFile; fileRef = 86CC953628B86623008D71A4 /* ViewController.swift */; };
		86CC953A28B86623008D71A4 /* Main.storyboard in Resources */ = {isa = PBXBuildFile; fileRef = 86CC953828B86623008D71A4 /* Main.storyboard */; };
		86CC953C28B86625008D71A4 /* Assets.xcassets in Resources */ = {isa = PBXBuildFile; fileRef = 86CC953B28B86625008D71A4 /* Assets.xcassets */; };
		86CC953F28B86625008D71A4 /* LaunchScreen.storyboard in Resources */ = {isa = PBXBuildFile; fileRef = 86CC953D28B86625008D71A4 /* LaunchScreen.storyboard */; };
		86CC954C28B868D9008D71A4 /* LoanTopView.swift in Sources */ = {isa = PBXBuildFile; fileRef = 86CC954B28B868D9008D71A4 /* LoanTopView.swift */; };
		86CC955028B86942008D71A4 /* LoanTopView.xib in Resources */ = {isa = PBXBuildFile; fileRef = 86CC954F28B86942008D71A4 /* LoanTopView.xib */; };
		86CC955228B86F8A008D71A4 /* UIViewExtension.swift in Sources */ = {isa = PBXBuildFile; fileRef = 86CC955128B86F8A008D71A4 /* UIViewExtension.swift */; };
/* End PBXBuildFile section */

/* Begin PBXFileReference section */
		86CC952F28B86623008D71A4 /* LoanSummaryWithXIB.app */ = {isa = PBXFileReference; explicitFileType = wrapper.application; includeInIndex = 0; path = LoanSummaryWithXIB.app; sourceTree = BUILT_PRODUCTS_DIR; };
		86CC953228B86623008D71A4 /* AppDelegate.swift */ = {isa = PBXFileReference; lastKnownFileType = sourcecode.swift; path = AppDelegate.swift; sourceTree = "<group>"; };
		86CC953428B86623008D71A4 /* SceneDelegate.swift */ = {isa = PBXFileReference; lastKnownFileType = sourcecode.swift; path = SceneDelegate.swift; sourceTree = "<group>"; };
		86CC953628B86623008D71A4 /* ViewController.swift */ = {isa = PBXFileReference; lastKnownFileType = sourcecode.swift; path = ViewController.swift; sourceTree = "<group>"; };
		86CC953928B86623008D71A4 /* Base */ = {isa = PBXFileReference; lastKnownFileType = file.storyboard; name = Base; path = Base.lproj/Main.storyboard; sourceTree = "<group>"; };
		86CC953B28B86625008D71A4 /* Assets.xcassets */ = {isa = PBXFileReference; lastKnownFileType = folder.assetcatalog; path = Assets.xcassets; sourceTree = "<group>"; };
		86CC953E28B86625008D71A4 /* Base */ = {isa = PBXFileReference; lastKnownFileType = file.storyboard; name = Base; path = Base.lproj/LaunchScreen.storyboard; sourceTree = "<group>"; };
		86CC954028B86625008D71A4 /* Info.plist */ = {isa = PBXFileReference; lastKnownFileType = text.plist.xml; path = Info.plist; sourceTree = "<group>"; };
		86CC954B28B868D9008D71A4 /* LoanTopView.swift */ = {isa = PBXFileReference; lastKnownFileType = sourcecode.swift; path = LoanTopView.swift; sourceTree = "<group>"; };
		86CC954F28B86942008D71A4 /* LoanTopView.xib */ = {isa = PBXFileReference; lastKnownFileType = file.xib; path = LoanTopView.xib; sourceTree = "<group>"; };
		86CC955128B86F8A008D71A4 /* UIViewExtension.swift */ = {isa = PBXFileReference; lastKnownFileType = sourcecode.swift; path = UIViewExtension.swift; sourceTree = "<group>"; };
/* End PBXFileReference section */

/* Begin PBXFrameworksBuildPhase section */
		86CC952C28B86623008D71A4 /* Frameworks */ = {
			isa = PBXFrameworksBuildPhase;
			buildActionMask = 2147483647;
			files = (
			);
			runOnlyForDeploymentPostprocessing = 0;
		};
/* End PBXFrameworksBuildPhase section */

/* Begin PBXGroup section */
		86CC952628B86623008D71A4 = {
			isa = PBXGroup;
			children = (
				86CC953128B86623008D71A4 /* LoanSummaryWithXIB */,
				86CC953028B86623008D71A4 /* Products */,
			);
			sourceTree = "<group>";
		};
		86CC953028B86623008D71A4 /* Products */ = {
			isa = PBXGroup;
			children = (
				86CC952F28B86623008D71A4 /* LoanSummaryWithXIB.app */,
			);
			name = Products;
			sourceTree = "<group>";
		};
		86CC953128B86623008D71A4 /* LoanSummaryWithXIB */ = {
			isa = PBXGroup;
			children = (
				86CC954828B866E7008D71A4 /* View */,
				86CC953228B86623008D71A4 /* AppDelegate.swift */,
				86CC953428B86623008D71A4 /* SceneDelegate.swift */,
				86CC953628B86623008D71A4 /* ViewController.swift */,
				86CC953828B86623008D71A4 /* Main.storyboard */,
				86CC953B28B86625008D71A4 /* Assets.xcassets */,
				86CC953D28B86625008D71A4 /* LaunchScreen.storyboard */,
				86CC954028B86625008D71A4 /* Info.plist */,
			);
			path = LoanSummaryWithXIB;
			sourceTree = "<group>";
		};
		86CC954828B866E7008D71A4 /* View */ = {
			isa = PBXGroup;
			children = (
				86CC955128B86F8A008D71A4 /* UIViewExtension.swift */,
				86CC954A28B86819008D71A4 /* PersonalLoan */,
				86CC954928B86801008D71A4 /* ConsumerDurable */,
			);
			path = View;
			sourceTree = "<group>";
		};
		86CC954928B86801008D71A4 /* ConsumerDurable */ = {
			isa = PBXGroup;
			children = (
				86CC955328B87564008D71A4 /* LoanTopView */,
			);
			path = ConsumerDurable;
			sourceTree = "<group>";
		};
		86CC954A28B86819008D71A4 /* PersonalLoan */ = {
			isa = PBXGroup;
			children = (
			);
			path = PersonalLoan;
			sourceTree = "<group>";
		};
		86CC955328B87564008D71A4 /* LoanTopView */ = {
			isa = PBXGroup;
			children = (
				86CC954B28B868D9008D71A4 /* LoanTopView.swift */,
				86CC954F28B86942008D71A4 /* LoanTopView.xib */,
			);
			path = LoanTopView;
			sourceTree = "<group>";
		};
/* End PBXGroup section */

/* Begin PBXNativeTarget section */
		86CC952E28B86623008D71A4 /* LoanSummaryWithXIB */ = {
			isa = PBXNativeTarget;
			buildConfigurationList = 86CC954328B86625008D71A4 /* Build configuration list for PBXNativeTarget "LoanSummaryWithXIB" */;
			buildPhases = (
				86CC952B28B86623008D71A4 /* Sources */,
				86CC952C28B86623008D71A4 /* Frameworks */,
				86CC952D28B86623008D71A4 /* Resources */,
			);
			buildRules = (
			);
			dependencies = (
			);
			name = LoanSummaryWithXIB;
			productName = LoanSummaryWithXIB;
			productReference = 86CC952F28B86623008D71A4 /* LoanSummaryWithXIB.app */;
			productType = "com.apple.product-type.application";
		};
/* End PBXNativeTarget section */

/* Begin PBXProject section */
		86CC952728B86623008D71A4 /* Project object */ = {
			isa = PBXProject;
			attributes = {
				BuildIndependentTargetsInParallel = 1;
				LastSwiftUpdateCheck = 1340;
				LastUpgradeCheck = 1340;
				TargetAttributes = {
					86CC952E28B86623008D71A4 = {
						CreatedOnToolsVersion = 13.4.1;
					};
				};
			};
			buildConfigurationList = 86CC952A28B86623008D71A4 /* Build configuration list for PBXProject "LoanSummaryWithXIB" */;
			compatibilityVersion = "Xcode 13.0";
			developmentRegion = en;
			hasScannedForEncodings = 0;
			knownRegions = (
				en,
				Base,
			);
			mainGroup = 86CC952628B86623008D71A4;
			productRefGroup = 86CC953028B86623008D71A4 /* Products */;
			projectDirPath = "";
			projectRoot = "";
			targets = (
				86CC952E28B86623008D71A4 /* LoanSummaryWithXIB */,
			);
		};
/* End PBXProject section */

/* Begin PBXResourcesBuildPhase section */
		86CC952D28B86623008D71A4 /* Resources */ = {
			isa = PBXResourcesBuildPhase;
			buildActionMask = 2147483647;
			files = (
				86CC955028B86942008D71A4 /* LoanTopView.xib in Resources */,
				86CC953F28B86625008D71A4 /* LaunchScreen.storyboard in Resources */,
				86CC953C28B86625008D71A4 /* Assets.xcassets in Resources */,
				86CC953A28B86623008D71A4 /* Main.storyboard in Resources */,
			);
			runOnlyForDeploymentPostprocessing = 0;
		};
/* End PBXResourcesBuildPhase section */

/* Begin PBXSourcesBuildPhase section */
		86CC952B28B86623008D71A4 /* Sources */ = {
			isa = PBXSourcesBuildPhase;
			buildActionMask = 2147483647;
			files = (
				86CC955228B86F8A008D71A4 /* UIViewExtension.swift in Sources */,
				86CC954C28B868D9008D71A4 /* LoanTopView.swift in Sources */,
				86CC953728B86623008D71A4 /* ViewController.swift in Sources */,
				86CC953328B86623008D71A4 /* AppDelegate.swift in Sources */,
				86CC953528B86623008D71A4 /* SceneDelegate.swift in Sources */,
			);
			runOnlyForDeploymentPostprocessing = 0;
		};
/* End PBXSourcesBuildPhase section */

/* Begin PBXVariantGroup section */
		86CC953828B86623008D71A4 /* Main.storyboard */ = {
			isa = PBXVariantGroup;
			children = (
				86CC953928B86623008D71A4 /* Base */,
			);
			name = Main.storyboard;
			sourceTree = "<group>";
		};
		86CC953D28B86625008D71A4 /* LaunchScreen.storyboard */ = {
			isa = PBXVariantGroup;
			children = (
				86CC953E28B86625008D71A4 /* Base */,
			);
			name = LaunchScreen.storyboard;
			sourceTree = "<group>";
		};
/* End PBXVariantGroup section */

/* Begin XCBuildConfiguration section */
		86CC954128B86625008D71A4 /* Debug */ = {
			isa = XCBuildConfiguration;
			buildSettings = {
				ALWAYS_SEARCH_USER_PATHS = NO;
				CLANG_ANALYZER_NONNULL = YES;
				CLANG_ANALYZER_NUMBER_OBJECT_CONVERSION = YES_AGGRESSIVE;
				CLANG_CXX_LANGUAGE_STANDARD = "gnu++17";
				CLANG_ENABLE_MODULES = YES;
				CLANG_ENABLE_OBJC_ARC = YES;
				CLANG_ENABLE_OBJC_WEAK = YES;
				CLANG_WARN_BLOCK_CAPTURE_AUTORELEASING = YES;
				CLANG_WARN_BOOL_CONVERSION = YES;
				CLANG_WARN_COMMA = YES;
				CLANG_WARN_CONSTANT_CONVERSION = YES;
				CLANG_WARN_DEPRECATED_OBJC_IMPLEMENTATIONS = YES;
				CLANG_WARN_DIRECT_OBJC_ISA_USAGE = YES_ERROR;
				CLANG_WARN_DOCUMENTATION_COMMENTS = YES;
				CLANG_WARN_EMPTY_BODY = YES;
				CLANG_WARN_ENUM_CONVERSION = YES;
				CLANG_WARN_INFINITE_RECURSION = YES;
				CLANG_WARN_INT_CONVERSION = YES;
				CLANG_WARN_NON_LITERAL_NULL_CONVERSION = YES;
				CLANG_WARN_OBJC_IMPLICIT_RETAIN_SELF = YES;
				CLANG_WARN_OBJC_LITERAL_CONVERSION = YES;
				CLANG_WARN_OBJC_ROOT_CLASS = YES_ERROR;
				CLANG_WARN_QUOTED_INCLUDE_IN_FRAMEWORK_HEADER = YES;
				CLANG_WARN_RANGE_LOOP_ANALYSIS = YES;
				CLANG_WARN_STRICT_PROTOTYPES = YES;
				CLANG_WARN_SUSPICIOUS_MOVE = YES;
				CLANG_WARN_UNGUARDED_AVAILABILITY = YES_AGGRESSIVE;
				CLANG_WARN_UNREACHABLE_CODE = YES;
				CLANG_WARN__DUPLICATE_METHOD_MATCH = YES;
				COPY_PHASE_STRIP = NO;
				DEBUG_INFORMATION_FORMAT = dwarf;
				ENABLE_STRICT_OBJC_MSGSEND = YES;
				ENABLE_TESTABILITY = YES;
				GCC_C_LANGUAGE_STANDARD = gnu11;
				GCC_DYNAMIC_NO_PIC = NO;
				GCC_NO_COMMON_BLOCKS = YES;
				GCC_OPTIMIZATION_LEVEL = 0;
				GCC_PREPROCESSOR_DEFINITIONS = (
					"DEBUG=1",
					"$(inherited)",
				);
				GCC_WARN_64_TO_32_BIT_CONVERSION = YES;
				GCC_WARN_ABOUT_RETURN_TYPE = YES_ERROR;
				GCC_WARN_UNDECLARED_SELECTOR = YES;
				GCC_WARN_UNINITIALIZED_AUTOS = YES_AGGRESSIVE;
				GCC_WARN_UNUSED_FUNCTION = YES;
				GCC_WARN_UNUSED_VARIABLE = YES;
				IPHONEOS_DEPLOYMENT_TARGET = 15.5;
				MTL_ENABLE_DEBUG_INFO = INCLUDE_SOURCE;
				MTL_FAST_MATH = YES;
				ONLY_ACTIVE_ARCH = YES;
				SDKROOT = iphoneos;
				SWIFT_ACTIVE_COMPILATION_CONDITIONS = DEBUG;
				SWIFT_OPTIMIZATION_LEVEL = "-Onone";
			};
			name = Debug;
		};
		86CC954228B86625008D71A4 /* Release */ = {
			isa = XCBuildConfiguration;
			buildSettings = {
				ALWAYS_SEARCH_USER_PATHS = NO;
				CLANG_ANALYZER_NONNULL = YES;
				CLANG_ANALYZER_NUMBER_OBJECT_CONVERSION = YES_AGGRESSIVE;
				CLANG_CXX_LANGUAGE_STANDARD = "gnu++17";
				CLANG_ENABLE_MODULES = YES;
				CLANG_ENABLE_OBJC_ARC = YES;
				CLANG_ENABLE_OBJC_WEAK = YES;
				CLANG_WARN_BLOCK_CAPTURE_AUTORELEASING = YES;
				CLANG_WARN_BOOL_CONVERSION = YES;
				CLANG_WARN_COMMA = YES;
				CLANG_WARN_CONSTANT_CONVERSION = YES;
				CLANG_WARN_DEPRECATED_OBJC_IMPLEMENTATIONS = YES;
				CLANG_WARN_DIRECT_OBJC_ISA_USAGE = YES_ERROR;
				CLANG_WARN_DOCUMENTATION_COMMENTS = YES;
				CLANG_WARN_EMPTY_BODY = YES;
				CLANG_WARN_ENUM_CONVERSION = YES;
				CLANG_WARN_INFINITE_RECURSION = YES;
				CLANG_WARN_INT_CONVERSION = YES;
				CLANG_WARN_NON_LITERAL_NULL_CONVERSION = YES;
				CLANG_WARN_OBJC_IMPLICIT_RETAIN_SELF = YES;
				CLANG_WARN_OBJC_LITERAL_CONVERSION = YES;
				CLANG_WARN_OBJC_ROOT_CLASS = YES_ERROR;
				CLANG_WARN_QUOTED_INCLUDE_IN_FRAMEWORK_HEADER = YES;
				CLANG_WARN_RANGE_LOOP_ANALYSIS = YES;
				CLANG_WARN_STRICT_PROTOTYPES = YES;
				CLANG_WARN_SUSPICIOUS_MOVE = YES;
				CLANG_WARN_UNGUARDED_AVAILABILITY = YES_AGGRESSIVE;
				CLANG_WARN_UNREACHABLE_CODE = YES;
				CLANG_WARN__DUPLICATE_METHOD_MATCH = YES;
				COPY_PHASE_STRIP = NO;
				DEBUG_INFORMATION_FORMAT = "dwarf-with-dsym";
				ENABLE_NS_ASSERTIONS = NO;
				ENABLE_STRICT_OBJC_MSGSEND = YES;
				GCC_C_LANGUAGE_STANDARD = gnu11;
				GCC_NO_COMMON_BLOCKS = YES;
				GCC_WARN_64_TO_32_BIT_CONVERSION = YES;
				GCC_WARN_ABOUT_RETURN_TYPE = YES_ERROR;
				GCC_WARN_UNDECLARED_SELECTOR = YES;
				GCC_WARN_UNINITIALIZED_AUTOS = YES_AGGRESSIVE;
				GCC_WARN_UNUSED_FUNCTION = YES;
				GCC_WARN_UNUSED_VARIABLE = YES;
				IPHONEOS_DEPLOYMENT_TARGET = 15.5;
				MTL_ENABLE_DEBUG_INFO = NO;
				MTL_FAST_MATH = YES;
				SDKROOT = iphoneos;
				SWIFT_COMPILATION_MODE = wholemodule;
				SWIFT_OPTIMIZATION_LEVEL = "-O";
				VALIDATE_PRODUCT = YES;
			};
			name = Release;
		};
		86CC954428B86625008D71A4 /* Debug */ = {
			isa = XCBuildConfiguration;
			buildSettings = {
				ASSETCATALOG_COMPILER_APPICON_NAME = AppIcon;
				ASSETCATALOG_COMPILER_GLOBAL_ACCENT_COLOR_NAME = AccentColor;
				CODE_SIGN_STYLE = Automatic;
				CURRENT_PROJECT_VERSION = 1;
				DEVELOPMENT_TEAM = JKVZH68BTJ;
				GENERATE_INFOPLIST_FILE = YES;
				INFOPLIST_FILE = LoanSummaryWithXIB/Info.plist;
				INFOPLIST_KEY_UIApplicationSupportsIndirectInputEvents = YES;
				INFOPLIST_KEY_UILaunchStoryboardName = LaunchScreen;
				INFOPLIST_KEY_UIMainStoryboardFile = Main;
				INFOPLIST_KEY_UISupportedInterfaceOrientations_iPad = "UIInterfaceOrientationPortrait UIInterfaceOrientationPortraitUpsideDown UIInterfaceOrientationLandscapeLeft UIInterfaceOrientationLandscapeRight";
				INFOPLIST_KEY_UISupportedInterfaceOrientations_iPhone = "UIInterfaceOrientationPortrait UIInterfaceOrientationLandscapeLeft UIInterfaceOrientationLandscapeRight";
				LD_RUNPATH_SEARCH_PATHS = (
					"$(inherited)",
					"@executable_path/Frameworks",
				);
				MARKETING_VERSION = 1.0;
				PRODUCT_BUNDLE_IDENTIFIER = Test.LoanSummaryWithXIB;
				PRODUCT_NAME = "$(TARGET_NAME)";
				SWIFT_EMIT_LOC_STRINGS = YES;
				SWIFT_VERSION = 5.0;
				TARGETED_DEVICE_FAMILY = "1,2";
			};
			name = Debug;
		};
		86CC954528B86625008D71A4 /* Release */ = {
			isa = XCBuildConfiguration;
			buildSettings = {
				ASSETCATALOG_COMPILER_APPICON_NAME = AppIcon;
				ASSETCATALOG_COMPILER_GLOBAL_ACCENT_COLOR_NAME = AccentColor;
				CODE_SIGN_STYLE = Automatic;
				CURRENT_PROJECT_VERSION = 1;
				DEVELOPMENT_TEAM = JKVZH68BTJ;
				GENERATE_INFOPLIST_FILE = YES;
				INFOPLIST_FILE = LoanSummaryWithXIB/Info.plist;
				INFOPLIST_KEY_UIApplicationSupportsIndirectInputEvents = YES;
				INFOPLIST_KEY_UILaunchStoryboardName = LaunchScreen;
				INFOPLIST_KEY_UIMainStoryboardFile = Main;
				INFOPLIST_KEY_UISupportedInterfaceOrientations_iPad = "UIInterfaceOrientationPortrait UIInterfaceOrientationPortraitUpsideDown UIInterfaceOrientationLandscapeLeft UIInterfaceOrientationLandscapeRight";
				INFOPLIST_KEY_UISupportedInterfaceOrientations_iPhone = "UIInterfaceOrientationPortrait UIInterfaceOrientationLandscapeLeft UIInterfaceOrientationLandscapeRight";
				LD_RUNPATH_SEARCH_PATHS = (
					"$(inherited)",
					"@executable_path/Frameworks",
				);
				MARKETING_VERSION = 1.0;
				PRODUCT_BUNDLE_IDENTIFIER = Test.LoanSummaryWithXIB;
				PRODUCT_NAME = "$(TARGET_NAME)";
				SWIFT_EMIT_LOC_STRINGS = YES;
				SWIFT_VERSION = 5.0;
				TARGETED_DEVICE_FAMILY = "1,2";
			};
			name = Release;
		};
/* End XCBuildConfiguration section */

/* Begin XCConfigurationList section */
		86CC952A28B86623008D71A4 /* Build configuration list for PBXProject "LoanSummaryWithXIB" */ = {
			isa = XCConfigurationList;
			buildConfigurations = (
				86CC954128B86625008D71A4 /* Debug */,
				86CC954228B86625008D71A4 /* Release */,
			);
			defaultConfigurationIsVisible = 0;
			defaultConfigurationName = Release;
		};
		86CC954328B86625008D71A4 /* Build configuration list for PBXNativeTarget "LoanSummaryWithXIB" */ = {
			isa = XCConfigurationList;
			buildConfigurations = (
				86CC954428B86625008D71A4 /* Debug */,
				86CC954528B86625008D71A4 /* Release */,
			);
			defaultConfigurationIsVisible = 0;
			defaultConfigurationName = Release;
		};
/* End XCConfigurationList section */
	};
	rootObject = 86CC952728B86623008D71A4 /* Project object */;
}
