// !$*UTF8*$!
{
	archiveVersion = 1;
	classes = {
	};
	objectVersion = 55;
	objects = {

/* Begin PBXBuildFile section */
		86CC953328B86623008D71A4 /* AppDelegate.swift in Sources */ = {isa = PBXBuildFile; fileRef = 86CC953228B86623008D71A4 /* AppDelegate.swift */; };
		86CC953528B86623008D71A4 /* SceneDelegate.swift in Sources */ = {isa = PBXBuildFile; fileRef = 86CC953428B86623008D71A4 /* SceneDelegate.swift */; };
		86CC953A28B86623008D71A4 /* Main.storyboard in Resources */ = {isa = PBXBuildFile; fileRef = 86CC953828B86623008D71A4 /* Main.storyboard */; };
		86CC953C28B86625008D71A4 /* Assets.xcassets in Resources */ = {isa = PBXBuildFile; fileRef = 86CC953B28B86625008D71A4 /* Assets.xcassets */; };
		86CC953F28B86625008D71A4 /* LaunchScreen.storyboard in Resources */ = {isa = PBXBuildFile; fileRef = 86CC953D28B86625008D71A4 /* LaunchScreen.storyboard */; };
		86CC954C28B868D9008D71A4 /* LoanTopView.swift in Sources */ = {isa = PBXBuildFile; fileRef = 86CC954B28B868D9008D71A4 /* LoanTopView.swift */; };
		86CC955028B86942008D71A4 /* LoanTopView.xib in Resources */ = {isa = PBXBuildFile; fileRef = 86CC954F28B86942008D71A4 /* LoanTopView.xib */; };
		86CC955228B86F8A008D71A4 /* UIViewExtension.swift in Sources */ = {isa = PBXBuildFile; fileRef = 86CC955128B86F8A008D71A4 /* UIViewExtension.swift */; };
		86CC955928B87CC8008D71A4 /* PriceView.xib in Resources */ = {isa = PBXBuildFile; fileRef = 86CC955828B87CC8008D71A4 /* PriceView.xib */; };
		86CC955B28B8834F008D71A4 /* PriceView.swift in Sources */ = {isa = PBXBuildFile; fileRef = 86CC955A28B8834F008D71A4 /* PriceView.swift */; };
		86CC956828B88C51008D71A4 /* PropertiesView.xib in Resources */ = {isa = PBXBuildFile; fileRef = 86CC956728B88C51008D71A4 /* PropertiesView.xib */; };
		86CC956A28B88C66008D71A4 /* PropertiesView.swift in Sources */ = {isa = PBXBuildFile; fileRef = 86CC956928B88C66008D71A4 /* PropertiesView.swift */; };
		86CC957C28B8AC1B008D71A4 /* ConsumerDurableVC.swift in Sources */ = {isa = PBXBuildFile; fileRef = 86CC957B28B8AC1B008D71A4 /* ConsumerDurableVC.swift */; };
		86CC957F28B8AC76008D71A4 /* FeeView.swift in Sources */ = {isa = PBXBuildFile; fileRef = 86CC957E28B8AC76008D71A4 /* FeeView.swift */; };
		86CC958328B8ADDD008D71A4 /* FeeViewXIB.xib in Resources */ = {isa = PBXBuildFile; fileRef = 86CC958228B8ADDD008D71A4 /* FeeViewXIB.xib */; };
		86CC958828B8BDA2008D71A4 /* AgreementView.swift in Sources */ = {isa = PBXBuildFile; fileRef = 86CC958728B8BDA2008D71A4 /* AgreementView.swift */; };
		86CC958A28B8BDAE008D71A4 /* AgreementViewXIB.xib in Resources */ = {isa = PBXBuildFile; fileRef = 86CC958928B8BDAE008D71A4 /* AgreementViewXIB.xib */; };
		86CC958D28B8BFB9008D71A4 /* CustomButton.swift in Sources */ = {isa = PBXBuildFile; fileRef = 86CC958C28B8BFB9008D71A4 /* CustomButton.swift */; };
		86CC959028B8CC69008D71A4 /* SignButton.swift in Sources */ = {isa = PBXBuildFile; fileRef = 86CC958F28B8CC69008D71A4 /* SignButton.swift */; };
		86CC959228B8CC82008D71A4 /* SignButtonXIB.xib in Resources */ = {isa = PBXBuildFile; fileRef = 86CC959128B8CC82008D71A4 /* SignButtonXIB.xib */; };
		86CC959628B8CFAC008D71A4 /* DurableContentView.swift in Sources */ = {isa = PBXBuildFile; fileRef = 86CC959528B8CFAC008D71A4 /* DurableContentView.swift */; };
		86CC959928B8D610008D71A4 /* ContractDetailView.swift in Sources */ = {isa = PBXBuildFile; fileRef = 86CC959828B8D610008D71A4 /* ContractDetailView.swift */; };
		86CC959F28B8D76F008D71A4 /* ContractDetailViewXIB.xib in Resources */ = {isa = PBXBuildFile; fileRef = 86CC959E28B8D76F008D71A4 /* ContractDetailViewXIB.xib */; };
		86CC95A228B8D98C008D71A4 /* RejectButtonXIB.xib in Resources */ = {isa = PBXBuildFile; fileRef = 86CC95A128B8D98C008D71A4 /* RejectButtonXIB.xib */; };
		86CC95A428B8D9B0008D71A4 /* RejectButton.swift in Sources */ = {isa = PBXBuildFile; fileRef = 86CC95A328B8D9B0008D71A4 /* RejectButton.swift */; };
		86CC95A728B8DB05008D71A4 /* MoreDetailViewXIB.xib in Resources */ = {isa = PBXBuildFile; fileRef = 86CC95A628B8DB05008D71A4 /* MoreDetailViewXIB.xib */; };
		86CC95A928B8DB7D008D71A4 /* MoreDetailView.swift in Sources */ = {isa = PBXBuildFile; fileRef = 86CC95A828B8DB7D008D71A4 /* MoreDetailView.swift */; };
/* End PBXBuildFile section */

/* Begin PBXFileReference section */
		86CC952F28B86623008D71A4 /* LoanSummaryWithXIB.app */ = {isa = PBXFileReference; explicitFileType = wrapper.application; includeInIndex = 0; path = LoanSummaryWithXIB.app; sourceTree = BUILT_PRODUCTS_DIR; };
		86CC953228B86623008D71A4 /* AppDelegate.swift */ = {isa = PBXFileReference; lastKnownFileType = sourcecode.swift; path = AppDelegate.swift; sourceTree = "<group>"; };
		86CC953428B86623008D71A4 /* SceneDelegate.swift */ = {isa = PBXFileReference; lastKnownFileType = sourcecode.swift; path = SceneDelegate.swift; sourceTree = "<group>"; };
		86CC953928B86623008D71A4 /* Base */ = {isa = PBXFileReference; lastKnownFileType = file.storyboard; name = Base; path = Base.lproj/Main.storyboard; sourceTree = "<group>"; };
		86CC953B28B86625008D71A4 /* Assets.xcassets */ = {isa = PBXFileReference; lastKnownFileType = folder.assetcatalog; path = Assets.xcassets; sourceTree = "<group>"; };
		86CC953E28B86625008D71A4 /* Base */ = {isa = PBXFileReference; lastKnownFileType = file.storyboard; name = Base; path = Base.lproj/LaunchScreen.storyboard; sourceTree = "<group>"; };
		86CC954028B86625008D71A4 /* Info.plist */ = {isa = PBXFileReference; lastKnownFileType = text.plist.xml; path = Info.plist; sourceTree = "<group>"; };
		86CC954B28B868D9008D71A4 /* LoanTopView.swift */ = {isa = PBXFileReference; lastKnownFileType = sourcecode.swift; path = LoanTopView.swift; sourceTree = "<group>"; };
		86CC954F28B86942008D71A4 /* LoanTopView.xib */ = {isa = PBXFileReference; lastKnownFileType = file.xib; path = LoanTopView.xib; sourceTree = "<group>"; };
		86CC955128B86F8A008D71A4 /* UIViewExtension.swift */ = {isa = PBXFileReference; lastKnownFileType = sourcecode.swift; path = UIViewExtension.swift; sourceTree = "<group>"; };
		86CC955828B87CC8008D71A4 /* PriceView.xib */ = {isa = PBXFileReference; lastKnownFileType = file.xib; path = PriceView.xib; sourceTree = "<group>"; };
		86CC955A28B8834F008D71A4 /* PriceView.swift */ = {isa = PBXFileReference; lastKnownFileType = sourcecode.swift; path = PriceView.swift; sourceTree = "<group>"; };
		86CC956728B88C51008D71A4 /* PropertiesView.xib */ = {isa = PBXFileReference; lastKnownFileType = file.xib; path = PropertiesView.xib; sourceTree = "<group>"; };
		86CC956928B88C66008D71A4 /* PropertiesView.swift */ = {isa = PBXFileReference; lastKnownFileType = sourcecode.swift; path = PropertiesView.swift; sourceTree = "<group>"; };
		86CC957B28B8AC1B008D71A4 /* ConsumerDurableVC.swift */ = {isa = PBXFileReference; lastKnownFileType = sourcecode.swift; path = ConsumerDurableVC.swift; sourceTree = "<group>"; };
		86CC957E28B8AC76008D71A4 /* FeeView.swift */ = {isa = PBXFileReference; lastKnownFileType = sourcecode.swift; path = FeeView.swift; sourceTree = "<group>"; };
		86CC958228B8ADDD008D71A4 /* FeeViewXIB.xib */ = {isa = PBXFileReference; lastKnownFileType = file.xib; path = FeeViewXIB.xib; sourceTree = "<group>"; };
		86CC958728B8BDA2008D71A4 /* AgreementView.swift */ = {isa = PBXFileReference; lastKnownFileType = sourcecode.swift; path = AgreementView.swift; sourceTree = "<group>"; };
		86CC958928B8BDAE008D71A4 /* AgreementViewXIB.xib */ = {isa = PBXFileReference; lastKnownFileType = file.xib; path = AgreementViewXIB.xib; sourceTree = "<group>"; };
		86CC958C28B8BFB9008D71A4 /* CustomButton.swift */ = {isa = PBXFileReference; lastKnownFileType = sourcecode.swift; path = CustomButton.swift; sourceTree = "<group>"; };
		86CC958F28B8CC69008D71A4 /* SignButton.swift */ = {isa = PBXFileReference; lastKnownFileType = sourcecode.swift; path = SignButton.swift; sourceTree = "<group>"; };
		86CC959128B8CC82008D71A4 /* SignButtonXIB.xib */ = {isa = PBXFileReference; lastKnownFileType = file.xib; path = SignButtonXIB.xib; sourceTree = "<group>"; };
		86CC959528B8CFAC008D71A4 /* DurableContentView.swift */ = {isa = PBXFileReference; lastKnownFileType = sourcecode.swift; path = DurableContentView.swift; sourceTree = "<group>"; };
		86CC959828B8D610008D71A4 /* ContractDetailView.swift */ = {isa = PBXFileReference; lastKnownFileType = sourcecode.swift; path = ContractDetailView.swift; sourceTree = "<group>"; };
		86CC959E28B8D76F008D71A4 /* ContractDetailViewXIB.xib */ = {isa = PBXFileReference; lastKnownFileType = file.xib; path = ContractDetailViewXIB.xib; sourceTree = "<group>"; };
		86CC95A128B8D98C008D71A4 /* RejectButtonXIB.xib */ = {isa = PBXFileReference; lastKnownFileType = file.xib; path = RejectButtonXIB.xib; sourceTree = "<group>"; };
		86CC95A328B8D9B0008D71A4 /* RejectButton.swift */ = {isa = PBXFileReference; lastKnownFileType = sourcecode.swift; path = RejectButton.swift; sourceTree = "<group>"; };
		86CC95A628B8DB05008D71A4 /* MoreDetailViewXIB.xib */ = {isa = PBXFileReference; lastKnownFileType = file.xib; path = MoreDetailViewXIB.xib; sourceTree = "<group>"; };
		86CC95A828B8DB7D008D71A4 /* MoreDetailView.swift */ = {isa = PBXFileReference; lastKnownFileType = sourcecode.swift; path = MoreDetailView.swift; sourceTree = "<group>"; };
/* End PBXFileReference section */

/* Begin PBXFrameworksBuildPhase section */
		86CC952C28B86623008D71A4 /* Frameworks */ = {
			isa = PBXFrameworksBuildPhase;
			buildActionMask = 2147483647;
			files = (
			);
			runOnlyForDeploymentPostprocessing = 0;
		};
/* End PBXFrameworksBuildPhase section */

/* Begin PBXGroup section */
		86CC952628B86623008D71A4 = {
			isa = PBXGroup;
			children = (
				86CC953128B86623008D71A4 /* LoanSummaryWithXIB */,
				86CC953028B86623008D71A4 /* Products */,
			);
			sourceTree = "<group>";
		};
		86CC953028B86623008D71A4 /* Products */ = {
			isa = PBXGroup;
			children = (
				86CC952F28B86623008D71A4 /* LoanSummaryWithXIB.app */,
			);
			name = Products;
			sourceTree = "<group>";
		};
		86CC953128B86623008D71A4 /* LoanSummaryWithXIB */ = {
			isa = PBXGroup;
			children = (
				86CC955C28B888A9008D71A4 /* Extension */,
				86CC954828B866E7008D71A4 /* View */,
				86CC953228B86623008D71A4 /* AppDelegate.swift */,
				86CC953428B86623008D71A4 /* SceneDelegate.swift */,
				86CC957B28B8AC1B008D71A4 /* ConsumerDurableVC.swift */,
				86CC953828B86623008D71A4 /* Main.storyboard */,
				86CC953B28B86625008D71A4 /* Assets.xcassets */,
				86CC953D28B86625008D71A4 /* LaunchScreen.storyboard */,
				86CC954028B86625008D71A4 /* Info.plist */,
			);
			path = LoanSummaryWithXIB;
			sourceTree = "<group>";
		};
		86CC954828B866E7008D71A4 /* View */ = {
			isa = PBXGroup;
			children = (
				86CC956128B888DA008D71A4 /* General */,
				86CC954A28B86819008D71A4 /* PersonalLoan */,
				86CC954928B86801008D71A4 /* ConsumerDurable */,
			);
			path = View;
			sourceTree = "<group>";
		};
		86CC954928B86801008D71A4 /* ConsumerDurable */ = {
			isa = PBXGroup;
			children = (
				86CC959528B8CFAC008D71A4 /* DurableContentView.swift */,
				86CC955328B87564008D71A4 /* LoanTopView */,
				86CC955528B87CAF008D71A4 /* PriceView */,
				86CC957D28B8AC54008D71A4 /* FeeView */,
				86CC95A528B8DAEB008D71A4 /* MoreDetailView */,
				86CC958628B8BD8B008D71A4 /* AgreementView */,
				86CC959728B8D5F7008D71A4 /* ContractDetailView */,
				86CC958E28B8CC60008D71A4 /* SignButton */,
				86CC95A028B8D96C008D71A4 /* RejectButton */,
			);
			path = ConsumerDurable;
			sourceTree = "<group>";
		};
		86CC954A28B86819008D71A4 /* PersonalLoan */ = {
			isa = PBXGroup;
			children = (
			);
			path = PersonalLoan;
			sourceTree = "<group>";
		};
		86CC955328B87564008D71A4 /* LoanTopView */ = {
			isa = PBXGroup;
			children = (
				86CC954B28B868D9008D71A4 /* LoanTopView.swift */,
				86CC954F28B86942008D71A4 /* LoanTopView.xib */,
			);
			path = LoanTopView;
			sourceTree = "<group>";
		};
		86CC955528B87CAF008D71A4 /* PriceView */ = {
			isa = PBXGroup;
			children = (
				86CC955828B87CC8008D71A4 /* PriceView.xib */,
				86CC955A28B8834F008D71A4 /* PriceView.swift */,
			);
			path = PriceView;
			sourceTree = "<group>";
		};
		86CC955C28B888A9008D71A4 /* Extension */ = {
			isa = PBXGroup;
			children = (
				86CC955128B86F8A008D71A4 /* UIViewExtension.swift */,
			);
			path = Extension;
			sourceTree = "<group>";
		};
		86CC956128B888DA008D71A4 /* General */ = {
			isa = PBXGroup;
			children = (
				86CC957428B8A7E0008D71A4 /* PropertiesView */,
				86CC958C28B8BFB9008D71A4 /* CustomButton.swift */,
			);
			path = General;
			sourceTree = "<group>";
		};
		86CC957428B8A7E0008D71A4 /* PropertiesView */ = {
			isa = PBXGroup;
			children = (
				86CC956728B88C51008D71A4 /* PropertiesView.xib */,
				86CC956928B88C66008D71A4 /* PropertiesView.swift */,
			);
			path = PropertiesView;
			sourceTree = "<group>";
		};
		86CC957D28B8AC54008D71A4 /* FeeView */ = {
			isa = PBXGroup;
			children = (
				86CC957E28B8AC76008D71A4 /* FeeView.swift */,
				86CC958228B8ADDD008D71A4 /* FeeViewXIB.xib */,
			);
			path = FeeView;
			sourceTree = "<group>";
		};
		86CC958628B8BD8B008D71A4 /* AgreementView */ = {
			isa = PBXGroup;
			children = (
				86CC958728B8BDA2008D71A4 /* AgreementView.swift */,
				86CC958928B8BDAE008D71A4 /* AgreementViewXIB.xib */,
			);
			path = AgreementView;
			sourceTree = "<group>";
		};
		86CC958E28B8CC60008D71A4 /* SignButton */ = {
			isa = PBXGroup;
			children = (
				86CC958F28B8CC69008D71A4 /* SignButton.swift */,
				86CC959128B8CC82008D71A4 /* SignButtonXIB.xib */,
			);
			path = SignButton;
			sourceTree = "<group>";
		};
		86CC959728B8D5F7008D71A4 /* ContractDetailView */ = {
			isa = PBXGroup;
			children = (
				86CC959828B8D610008D71A4 /* ContractDetailView.swift */,
				86CC959E28B8D76F008D71A4 /* ContractDetailViewXIB.xib */,
			);
			path = ContractDetailView;
			sourceTree = "<group>";
		};
		86CC95A028B8D96C008D71A4 /* RejectButton */ = {
			isa = PBXGroup;
			children = (
				86CC95A328B8D9B0008D71A4 /* RejectButton.swift */,
				86CC95A128B8D98C008D71A4 /* RejectButtonXIB.xib */,
			);
			path = RejectButton;
			sourceTree = "<group>";
		};
		86CC95A528B8DAEB008D71A4 /* MoreDetailView */ = {
			isa = PBXGroup;
			children = (
				86CC95A828B8DB7D008D71A4 /* MoreDetailView.swift */,
				86CC95A628B8DB05008D71A4 /* MoreDetailViewXIB.xib */,
			);
			path = MoreDetailView;
			sourceTree = "<group>";
		};
/* End PBXGroup section */

/* Begin PBXNativeTarget section */
		86CC952E28B86623008D71A4 /* LoanSummaryWithXIB */ = {
			isa = PBXNativeTarget;
			buildConfigurationList = 86CC954328B86625008D71A4 /* Build configuration list for PBXNativeTarget "LoanSummaryWithXIB" */;
			buildPhases = (
				86CC952B28B86623008D71A4 /* Sources */,
				86CC952C28B86623008D71A4 /* Frameworks */,
				86CC952D28B86623008D71A4 /* Resources */,
			);
			buildRules = (
			);
			dependencies = (
			);
			name = LoanSummaryWithXIB;
			productName = LoanSummaryWithXIB;
			productReference = 86CC952F28B86623008D71A4 /* LoanSummaryWithXIB.app */;
			productType = "com.apple.product-type.application";
		};
/* End PBXNativeTarget section */

/* Begin PBXProject section */
		86CC952728B86623008D71A4 /* Project object */ = {
			isa = PBXProject;
			attributes = {
				BuildIndependentTargetsInParallel = 1;
				LastSwiftUpdateCheck = 1340;
				LastUpgradeCheck = 1340;
				TargetAttributes = {
					86CC952E28B86623008D71A4 = {
						CreatedOnToolsVersion = 13.4.1;
					};
				};
			};
			buildConfigurationList = 86CC952A28B86623008D71A4 /* Build configuration list for PBXProject "LoanSummaryWithXIB" */;
			compatibilityVersion = "Xcode 13.0";
			developmentRegion = en;
			hasScannedForEncodings = 0;
			knownRegions = (
				en,
				Base,
			);
			mainGroup = 86CC952628B86623008D71A4;
			productRefGroup = 86CC953028B86623008D71A4 /* Products */;
			projectDirPath = "";
			projectRoot = "";
			targets = (
				86CC952E28B86623008D71A4 /* LoanSummaryWithXIB */,
			);
		};
/* End PBXProject section */

/* Begin PBXResourcesBuildPhase section */
		86CC952D28B86623008D71A4 /* Resources */ = {
			isa = PBXResourcesBuildPhase;
			buildActionMask = 2147483647;
			files = (
				86CC956828B88C51008D71A4 /* PropertiesView.xib in Resources */,
				86CC955028B86942008D71A4 /* LoanTopView.xib in Resources */,
				86CC955928B87CC8008D71A4 /* PriceView.xib in Resources */,
				86CC953F28B86625008D71A4 /* LaunchScreen.storyboard in Resources */,
				86CC958328B8ADDD008D71A4 /* FeeViewXIB.xib in Resources */,
				86CC959228B8CC82008D71A4 /* SignButtonXIB.xib in Resources */,
				86CC953C28B86625008D71A4 /* Assets.xcassets in Resources */,
				86CC95A228B8D98C008D71A4 /* RejectButtonXIB.xib in Resources */,
				86CC959F28B8D76F008D71A4 /* ContractDetailViewXIB.xib in Resources */,
				86CC958A28B8BDAE008D71A4 /* AgreementViewXIB.xib in Resources */,
				86CC95A728B8DB05008D71A4 /* MoreDetailViewXIB.xib in Resources */,
				86CC953A28B86623008D71A4 /* Main.storyboard in Resources */,
			);
			runOnlyForDeploymentPostprocessing = 0;
		};
/* End PBXResourcesBuildPhase section */

/* Begin PBXSourcesBuildPhase section */
		86CC952B28B86623008D71A4 /* Sources */ = {
			isa = PBXSourcesBuildPhase;
			buildActionMask = 2147483647;
			files = (
				86CC955228B86F8A008D71A4 /* UIViewExtension.swift in Sources */,
				86CC954C28B868D9008D71A4 /* LoanTopView.swift in Sources */,
				86CC959628B8CFAC008D71A4 /* DurableContentView.swift in Sources */,
				86CC955B28B8834F008D71A4 /* PriceView.swift in Sources */,
				86CC953328B86623008D71A4 /* AppDelegate.swift in Sources */,
				86CC953528B86623008D71A4 /* SceneDelegate.swift in Sources */,
				86CC95A428B8D9B0008D71A4 /* RejectButton.swift in Sources */,
				86CC95A928B8DB7D008D71A4 /* MoreDetailView.swift in Sources */,
				86CC957F28B8AC76008D71A4 /* FeeView.swift in Sources */,
				86CC957C28B8AC1B008D71A4 /* ConsumerDurableVC.swift in Sources */,
				86CC958D28B8BFB9008D71A4 /* CustomButton.swift in Sources */,
				86CC959028B8CC69008D71A4 /* SignButton.swift in Sources */,
				86CC959928B8D610008D71A4 /* ContractDetailView.swift in Sources */,
				86CC958828B8BDA2008D71A4 /* AgreementView.swift in Sources */,
				86CC956A28B88C66008D71A4 /* PropertiesView.swift in Sources */,
			);
			runOnlyForDeploymentPostprocessing = 0;
		};
/* End PBXSourcesBuildPhase section */

/* Begin PBXVariantGroup section */
		86CC953828B86623008D71A4 /* Main.storyboard */ = {
			isa = PBXVariantGroup;
			children = (
				86CC953928B86623008D71A4 /* Base */,
			);
			name = Main.storyboard;
			sourceTree = "<group>";
		};
		86CC953D28B86625008D71A4 /* LaunchScreen.storyboard */ = {
			isa = PBXVariantGroup;
			children = (
				86CC953E28B86625008D71A4 /* Base */,
			);
			name = LaunchScreen.storyboard;
			sourceTree = "<group>";
		};
/* End PBXVariantGroup section */

/* Begin XCBuildConfiguration section */
		86CC954128B86625008D71A4 /* Debug */ = {
			isa = XCBuildConfiguration;
			buildSettings = {
				ALWAYS_SEARCH_USER_PATHS = NO;
				CLANG_ANALYZER_NONNULL = YES;
				CLANG_ANALYZER_NUMBER_OBJECT_CONVERSION = YES_AGGRESSIVE;
				CLANG_CXX_LANGUAGE_STANDARD = "gnu++17";
				CLANG_ENABLE_MODULES = YES;
				CLANG_ENABLE_OBJC_ARC = YES;
				CLANG_ENABLE_OBJC_WEAK = YES;
				CLANG_WARN_BLOCK_CAPTURE_AUTORELEASING = YES;
				CLANG_WARN_BOOL_CONVERSION = YES;
				CLANG_WARN_COMMA = YES;
				CLANG_WARN_CONSTANT_CONVERSION = YES;
				CLANG_WARN_DEPRECATED_OBJC_IMPLEMENTATIONS = YES;
				CLANG_WARN_DIRECT_OBJC_ISA_USAGE = YES_ERROR;
				CLANG_WARN_DOCUMENTATION_COMMENTS = YES;
				CLANG_WARN_EMPTY_BODY = YES;
				CLANG_WARN_ENUM_CONVERSION = YES;
				CLANG_WARN_INFINITE_RECURSION = YES;
				CLANG_WARN_INT_CONVERSION = YES;
				CLANG_WARN_NON_LITERAL_NULL_CONVERSION = YES;
				CLANG_WARN_OBJC_IMPLICIT_RETAIN_SELF = YES;
				CLANG_WARN_OBJC_LITERAL_CONVERSION = YES;
				CLANG_WARN_OBJC_ROOT_CLASS = YES_ERROR;
				CLANG_WARN_QUOTED_INCLUDE_IN_FRAMEWORK_HEADER = YES;
				CLANG_WARN_RANGE_LOOP_ANALYSIS = YES;
				CLANG_WARN_STRICT_PROTOTYPES = YES;
				CLANG_WARN_SUSPICIOUS_MOVE = YES;
				CLANG_WARN_UNGUARDED_AVAILABILITY = YES_AGGRESSIVE;
				CLANG_WARN_UNREACHABLE_CODE = YES;
				CLANG_WARN__DUPLICATE_METHOD_MATCH = YES;
				COPY_PHASE_STRIP = NO;
				DEBUG_INFORMATION_FORMAT = dwarf;
				ENABLE_STRICT_OBJC_MSGSEND = YES;
				ENABLE_TESTABILITY = YES;
				GCC_C_LANGUAGE_STANDARD = gnu11;
				GCC_DYNAMIC_NO_PIC = NO;
				GCC_NO_COMMON_BLOCKS = YES;
				GCC_OPTIMIZATION_LEVEL = 0;
				GCC_PREPROCESSOR_DEFINITIONS = (
					"DEBUG=1",
					"$(inherited)",
				);
				GCC_WARN_64_TO_32_BIT_CONVERSION = YES;
				GCC_WARN_ABOUT_RETURN_TYPE = YES_ERROR;
				GCC_WARN_UNDECLARED_SELECTOR = YES;
				GCC_WARN_UNINITIALIZED_AUTOS = YES_AGGRESSIVE;
				GCC_WARN_UNUSED_FUNCTION = YES;
				GCC_WARN_UNUSED_VARIABLE = YES;
				IPHONEOS_DEPLOYMENT_TARGET = 15.5;
				MTL_ENABLE_DEBUG_INFO = INCLUDE_SOURCE;
				MTL_FAST_MATH = YES;
				ONLY_ACTIVE_ARCH = YES;
				SDKROOT = iphoneos;
				SWIFT_ACTIVE_COMPILATION_CONDITIONS = DEBUG;
				SWIFT_OPTIMIZATION_LEVEL = "-Onone";
			};
			name = Debug;
		};
		86CC954228B86625008D71A4 /* Release */ = {
			isa = XCBuildConfiguration;
			buildSettings = {
				ALWAYS_SEARCH_USER_PATHS = NO;
				CLANG_ANALYZER_NONNULL = YES;
				CLANG_ANALYZER_NUMBER_OBJECT_CONVERSION = YES_AGGRESSIVE;
				CLANG_CXX_LANGUAGE_STANDARD = "gnu++17";
				CLANG_ENABLE_MODULES = YES;
				CLANG_ENABLE_OBJC_ARC = YES;
				CLANG_ENABLE_OBJC_WEAK = YES;
				CLANG_WARN_BLOCK_CAPTURE_AUTORELEASING = YES;
				CLANG_WARN_BOOL_CONVERSION = YES;
				CLANG_WARN_COMMA = YES;
				CLANG_WARN_CONSTANT_CONVERSION = YES;
				CLANG_WARN_DEPRECATED_OBJC_IMPLEMENTATIONS = YES;
				CLANG_WARN_DIRECT_OBJC_ISA_USAGE = YES_ERROR;
				CLANG_WARN_DOCUMENTATION_COMMENTS = YES;
				CLANG_WARN_EMPTY_BODY = YES;
				CLANG_WARN_ENUM_CONVERSION = YES;
				CLANG_WARN_INFINITE_RECURSION = YES;
				CLANG_WARN_INT_CONVERSION = YES;
				CLANG_WARN_NON_LITERAL_NULL_CONVERSION = YES;
				CLANG_WARN_OBJC_IMPLICIT_RETAIN_SELF = YES;
				CLANG_WARN_OBJC_LITERAL_CONVERSION = YES;
				CLANG_WARN_OBJC_ROOT_CLASS = YES_ERROR;
				CLANG_WARN_QUOTED_INCLUDE_IN_FRAMEWORK_HEADER = YES;
				CLANG_WARN_RANGE_LOOP_ANALYSIS = YES;
				CLANG_WARN_STRICT_PROTOTYPES = YES;
				CLANG_WARN_SUSPICIOUS_MOVE = YES;
				CLANG_WARN_UNGUARDED_AVAILABILITY = YES_AGGRESSIVE;
				CLANG_WARN_UNREACHABLE_CODE = YES;
				CLANG_WARN__DUPLICATE_METHOD_MATCH = YES;
				COPY_PHASE_STRIP = NO;
				DEBUG_INFORMATION_FORMAT = "dwarf-with-dsym";
				ENABLE_NS_ASSERTIONS = NO;
				ENABLE_STRICT_OBJC_MSGSEND = YES;
				GCC_C_LANGUAGE_STANDARD = gnu11;
				GCC_NO_COMMON_BLOCKS = YES;
				GCC_WARN_64_TO_32_BIT_CONVERSION = YES;
				GCC_WARN_ABOUT_RETURN_TYPE = YES_ERROR;
				GCC_WARN_UNDECLARED_SELECTOR = YES;
				GCC_WARN_UNINITIALIZED_AUTOS = YES_AGGRESSIVE;
				GCC_WARN_UNUSED_FUNCTION = YES;
				GCC_WARN_UNUSED_VARIABLE = YES;
				IPHONEOS_DEPLOYMENT_TARGET = 15.5;
				MTL_ENABLE_DEBUG_INFO = NO;
				MTL_FAST_MATH = YES;
				SDKROOT = iphoneos;
				SWIFT_COMPILATION_MODE = wholemodule;
				SWIFT_OPTIMIZATION_LEVEL = "-O";
				VALIDATE_PRODUCT = YES;
			};
			name = Release;
		};
		86CC954428B86625008D71A4 /* Debug */ = {
			isa = XCBuildConfiguration;
			buildSettings = {
				ASSETCATALOG_COMPILER_APPICON_NAME = AppIcon;
				ASSETCATALOG_COMPILER_GLOBAL_ACCENT_COLOR_NAME = AccentColor;
				CODE_SIGN_STYLE = Automatic;
				CURRENT_PROJECT_VERSION = 1;
				DEVELOPMENT_TEAM = JKVZH68BTJ;
				GENERATE_INFOPLIST_FILE = YES;
				INFOPLIST_FILE = LoanSummaryWithXIB/Info.plist;
				INFOPLIST_KEY_UIApplicationSupportsIndirectInputEvents = YES;
				INFOPLIST_KEY_UILaunchStoryboardName = LaunchScreen;
				INFOPLIST_KEY_UIMainStoryboardFile = Main;
				INFOPLIST_KEY_UISupportedInterfaceOrientations_iPad = "UIInterfaceOrientationPortrait UIInterfaceOrientationPortraitUpsideDown UIInterfaceOrientationLandscapeLeft UIInterfaceOrientationLandscapeRight";
				INFOPLIST_KEY_UISupportedInterfaceOrientations_iPhone = "UIInterfaceOrientationPortrait UIInterfaceOrientationLandscapeLeft UIInterfaceOrientationLandscapeRight";
				LD_RUNPATH_SEARCH_PATHS = (
					"$(inherited)",
					"@executable_path/Frameworks",
				);
				MARKETING_VERSION = 1.0;
				PRODUCT_BUNDLE_IDENTIFIER = Test.LoanSummaryWithXIB;
				PRODUCT_NAME = "$(TARGET_NAME)";
				SWIFT_EMIT_LOC_STRINGS = YES;
				SWIFT_VERSION = 5.0;
				TARGETED_DEVICE_FAMILY = "1,2";
			};
			name = Debug;
		};
		86CC954528B86625008D71A4 /* Release */ = {
			isa = XCBuildConfiguration;
			buildSettings = {
				ASSETCATALOG_COMPILER_APPICON_NAME = AppIcon;
				ASSETCATALOG_COMPILER_GLOBAL_ACCENT_COLOR_NAME = AccentColor;
				CODE_SIGN_STYLE = Automatic;
				CURRENT_PROJECT_VERSION = 1;
				DEVELOPMENT_TEAM = JKVZH68BTJ;
				GENERATE_INFOPLIST_FILE = YES;
				INFOPLIST_FILE = LoanSummaryWithXIB/Info.plist;
				INFOPLIST_KEY_UIApplicationSupportsIndirectInputEvents = YES;
				INFOPLIST_KEY_UILaunchStoryboardName = LaunchScreen;
				INFOPLIST_KEY_UIMainStoryboardFile = Main;
				INFOPLIST_KEY_UISupportedInterfaceOrientations_iPad = "UIInterfaceOrientationPortrait UIInterfaceOrientationPortraitUpsideDown UIInterfaceOrientationLandscapeLeft UIInterfaceOrientationLandscapeRight";
				INFOPLIST_KEY_UISupportedInterfaceOrientations_iPhone = "UIInterfaceOrientationPortrait UIInterfaceOrientationLandscapeLeft UIInterfaceOrientationLandscapeRight";
				LD_RUNPATH_SEARCH_PATHS = (
					"$(inherited)",
					"@executable_path/Frameworks",
				);
				MARKETING_VERSION = 1.0;
				PRODUCT_BUNDLE_IDENTIFIER = Test.LoanSummaryWithXIB;
				PRODUCT_NAME = "$(TARGET_NAME)";
				SWIFT_EMIT_LOC_STRINGS = YES;
				SWIFT_VERSION = 5.0;
				TARGETED_DEVICE_FAMILY = "1,2";
			};
			name = Release;
		};
/* End XCBuildConfiguration section */

/* Begin XCConfigurationList section */
		86CC952A28B86623008D71A4 /* Build configuration list for PBXProject "LoanSummaryWithXIB" */ = {
			isa = XCConfigurationList;
			buildConfigurations = (
				86CC954128B86625008D71A4 /* Debug */,
				86CC954228B86625008D71A4 /* Release */,
			);
			defaultConfigurationIsVisible = 0;
			defaultConfigurationName = Release;
		};
		86CC954328B86625008D71A4 /* Build configuration list for PBXNativeTarget "LoanSummaryWithXIB" */ = {
			isa = XCConfigurationList;
			buildConfigurations = (
				86CC954428B86625008D71A4 /* Debug */,
				86CC954528B86625008D71A4 /* Release */,
			);
			defaultConfigurationIsVisible = 0;
			defaultConfigurationName = Release;
		};
/* End XCConfigurationList section */
	};
	rootObject = 86CC952728B86623008D71A4 /* Project object */;
}
